
Microsoft Visual Studio Solution File, Format Version 12.00
# Visual Studio Version 16
VisualStudioVersion = 16.0.29926.136
MinimumVisualStudioVersion = 10.0.40219.1
Project("{FAE04EC0-301F-11D3-BF4B-00C04F79EFBC}") = "EmployeesForms", "SessionForms\EmployeesForms.csproj", "{ADEE20FF-8D09-49BC-8AF1-D4543EF9F04F}"
EndProject
Project("{9A19103F-16F7-4668-BE54-9A1E7A4F7556}") = "TestProject1", "TestProject1\TestProject1.csproj", "{2D438AEC-9D6F-4473-BF27-6CD08F43A1C7}"
EndProject
Global
	GlobalSection(SolutionConfigurationPlatforms) = preSolution
		Debug|Any CPU = Debug|Any CPU
		Release|Any CPU = Release|Any CPU
	EndGlobalSection
	GlobalSection(ProjectConfigurationPlatforms) = postSolution
		{ADEE20FF-8D09-49BC-8AF1-D4543EF9F04F}.Debug|Any CPU.ActiveCfg = Debug|Any CPU
		{ADEE20FF-8D09-49BC-8AF1-D4543EF9F04F}.Debug|Any CPU.Build.0 = Debug|Any CPU
		{ADEE20FF-8D09-49BC-8AF1-D4543EF9F04F}.Release|Any CPU.ActiveCfg = Release|Any CPU
		{ADEE20FF-8D09-49BC-8AF1-D4543EF9F04F}.Release|Any CPU.Build.0 = Release|Any CPU
		{2D438AEC-9D6F-4473-BF27-6CD08F43A1C7}.Debug|Any CPU.ActiveCfg = Debug|Any CPU
		{2D438AEC-9D6F-4473-BF27-6CD08F43A1C7}.Debug|Any CPU.Build.0 = Debug|Any CPU
		{2D438AEC-9D6F-4473-BF27-6CD08F43A1C7}.Release|Any CPU.ActiveCfg = Release|Any CPU
		{2D438AEC-9D6F-4473-BF27-6CD08F43A1C7}.Release|Any CPU.Build.0 = Release|Any CPU
	EndGlobalSection
	GlobalSection(SolutionProperties) = preSolution
		HideSolutionNode = FALSE
	EndGlobalSection
	GlobalSection(ExtensibilityGlobals) = postSolution
		SolutionGuid = {65483C21-C75F-4676-8957-F77A95966F99}
	EndGlobalSection
EndGlobal
